com.fasterxml.jackson.core:jackson-core:2.9.10:compile:
com.fasterxml.jackson.core:jackson-annotations:2.9.10:compile:
com.fasterxml.jackson.core:jackson-databind:2.9.10.6:compile:
com.fasterxml.jackson.module:jackson-module-afterburner:2.9.10:compile:
org.bouncycastle:bcpkix-jdk15on:1.55:compile:
org.bouncycastle:bcprov-jdk15on:1.55:compile:
org.apache.httpcomponents:httpclient:4.5.13:compile:
org.apache.httpcomponents:httpmime:4.5.13:compile:
commons-logging:commons-logging:1.2:compile:
commons-codec:commons-codec:1.15:compile:
org.apache.httpcomponents:httpcore:4.4.14:compile:
org.apache.logging.log4j:log4j-slf4j-impl:2.6.2:compile:
org.slf4j:slf4j-api:1.7.21:compile:
org.apache.logging.log4j:log4j-api:2.6.2:compile:
org.apache.logging.log4j:log4j-core:2.6.2:compile:
com.fasterxml.jackson.dataformat:jackson-dataformat-cbor:2.9.1:compile:
com.microsoft.azure.kusto:kusto-ingest:2.1.2:compile:
com.microsoft.azure.kusto:kusto-data:2.1.2:compile:
com.microsoft.azure:adal4j:1.6.5:compile:
com.nimbusds:oauth2-oidc-sdk:6.5:compile:
com.sun.mail:javax.mail:1.6.1:compile:
javax.activation:activation:1.1:compile:
com.github.stephenc.jcip:jcip-annotations:1.0-1:compile:
net.minidev:json-smart:2.3:compile:
net.minidev:accessors-smart:1.2:compile:
org.ow2.asm:asm:5.0.4:compile:
com.nimbusds:lang-tag:1.5:compile:
com.nimbusds:nimbus-jose-jwt:9.1.4:compile:
com.google.code.gson:gson:2.8.0:compile:
org.jetbrains:annotations:17.0.0:compile:
com.microsoft.azure:azure-storage:8.3.0:compile:
com.microsoft.azure:azure-keyvault-core:1.0.0:compile:
com.google.guava:guava:20.0:compile:
org.apache.commons:commons-lang3:3.9:compile:
com.univocity:univocity-parsers:2.1.1:compile:
org.json:json:20190722:compile:
